
Microsoft Visual Studio Solution File, Format Version 12.00
# Visual Studio Version 17
VisualStudioVersion = 17.2.32516.85
MinimumVisualStudioVersion = 10.0.40219.1
Project("{FAE04EC0-301F-11D3-BF4B-00C04F79EFBC}") = "GPA Calculator", "GPA Calculator.csproj", "{CBF2EE3C-BF40-4F23-BE79-015B96F2ED0E}"
EndProject
Project("{2150E333-8FDC-42A3-9474-1A3956D46DE8}") = "Solution Items", "Solution Items", "{08D00984-3A47-40D3-BDFC-CF9D299530FB}"
	ProjectSection(SolutionItems) = preProject
		.editorconfig = .editorconfig
	EndProjectSection
EndProject
Global
	GlobalSection(SolutionConfigurationPlatforms) = preSolution
		Debug|Any CPU = Debug|Any CPU
		Release|Any CPU = Release|Any CPU
	EndGlobalSection
	GlobalSection(ProjectConfigurationPlatforms) = postSolution
		{CBF2EE3C-BF40-4F23-BE79-015B96F2ED0E}.Debug|Any CPU.ActiveCfg = Debug|Any CPU
		{CBF2EE3C-BF40-4F23-BE79-015B96F2ED0E}.Debug|Any CPU.Build.0 = Debug|Any CPU
		{CBF2EE3C-BF40-4F23-BE79-015B96F2ED0E}.Release|Any CPU.ActiveCfg = Release|Any CPU
		{CBF2EE3C-BF40-4F23-BE79-015B96F2ED0E}.Release|Any CPU.Build.0 = Release|Any CPU
	EndGlobalSection
	GlobalSection(SolutionProperties) = preSolution
		HideSolutionNode = FALSE
	EndGlobalSection
	GlobalSection(ExtensibilityGlobals) = postSolution
		SolutionGuid = {0B640F1C-DEA0-41E9-BC0D-72CA6DE58D1F}
	EndGlobalSection
EndGlobal
